
Microsoft Visual Studio Solution File, Format Version 12.00
# Visual Studio Version 16
VisualStudioVersion = 16.0.31005.135
MinimumVisualStudioVersion = 10.0.40219.1
Project("{FAE04EC0-301F-11D3-BF4B-00C04F79EFBC}") = "MyDictionary", "MyDictionary\MyDictionary.csproj", "{36D1290C-016C-4575-97C2-F8B2E0248633}"
EndProject
Global
	GlobalSection(SolutionConfigurationPlatforms) = preSolution
		Debug|Any CPU = Debug|Any CPU
		Release|Any CPU = Release|Any CPU
	EndGlobalSection
	GlobalSection(ProjectConfigurationPlatforms) = postSolution
		{36D1290C-016C-4575-97C2-F8B2E0248633}.Debug|Any CPU.ActiveCfg = Debug|Any CPU
		{36D1290C-016C-4575-97C2-F8B2E0248633}.Debug|Any CPU.Build.0 = Debug|Any CPU
		{36D1290C-016C-4575-97C2-F8B2E0248633}.Release|Any CPU.ActiveCfg = Release|Any CPU
		{36D1290C-016C-4575-97C2-F8B2E0248633}.Release|Any CPU.Build.0 = Release|Any CPU
	EndGlobalSection
	GlobalSection(SolutionProperties) = preSolution
		HideSolutionNode = FALSE
	EndGlobalSection
	GlobalSection(ExtensibilityGlobals) = postSolution
		SolutionGuid = {0E22F79E-784C-458B-9355-F7D133B46C7A}
	EndGlobalSection
EndGlobal
